
Microsoft Visual Studio Solution File, Format Version 12.00
# Visual Studio Version 17
VisualStudioVersion = 17.9.34622.214
MinimumVisualStudioVersion = 10.0.40219.1
Project("{FAE04EC0-301F-11D3-BF4B-00C04F79EFBC}") = "RecolimentoAtraso", "RecolimentoAtraso.csproj", "{A28A55BD-4EB9-4C14-B5F3-742CC670456A}"
EndProject
Global
	GlobalSection(SolutionConfigurationPlatforms) = preSolution
		Debug|Any CPU = Debug|Any CPU
		Release|Any CPU = Release|Any CPU
	EndGlobalSection
	GlobalSection(ProjectConfigurationPlatforms) = postSolution
		{A28A55BD-4EB9-4C14-B5F3-742CC670456A}.Debug|Any CPU.ActiveCfg = Debug|Any CPU
		{A28A55BD-4EB9-4C14-B5F3-742CC670456A}.Debug|Any CPU.Build.0 = Debug|Any CPU
		{A28A55BD-4EB9-4C14-B5F3-742CC670456A}.Release|Any CPU.ActiveCfg = Release|Any CPU
		{A28A55BD-4EB9-4C14-B5F3-742CC670456A}.Release|Any CPU.Build.0 = Release|Any CPU
	EndGlobalSection
	GlobalSection(SolutionProperties) = preSolution
		HideSolutionNode = FALSE
	EndGlobalSection
	GlobalSection(ExtensibilityGlobals) = postSolution
		SolutionGuid = {2AA75F26-A5CB-48A2-AAA3-875F326D5CCD}
	EndGlobalSection
EndGlobal
